
Microsoft Visual Studio Solution File, Format Version 12.00
# Visual Studio Version 17
VisualStudioVersion = 17.4.33213.308
MinimumVisualStudioVersion = 10.0.40219.1
Project("{FAE04EC0-301F-11D3-BF4B-00C04F79EFBC}") = "Hangman_game", "Hangman_game\Hangman_game.csproj", "{B6437B9F-2B25-4F23-9DC1-ACED9A19D417}"
EndProject
Global
	GlobalSection(SolutionConfigurationPlatforms) = preSolution
		Debug|Any CPU = Debug|Any CPU
		Release|Any CPU = Release|Any CPU
	EndGlobalSection
	GlobalSection(ProjectConfigurationPlatforms) = postSolution
		{B6437B9F-2B25-4F23-9DC1-ACED9A19D417}.Debug|Any CPU.ActiveCfg = Debug|Any CPU
		{B6437B9F-2B25-4F23-9DC1-ACED9A19D417}.Debug|Any CPU.Build.0 = Debug|Any CPU
		{B6437B9F-2B25-4F23-9DC1-ACED9A19D417}.Release|Any CPU.ActiveCfg = Release|Any CPU
		{B6437B9F-2B25-4F23-9DC1-ACED9A19D417}.Release|Any CPU.Build.0 = Release|Any CPU
	EndGlobalSection
	GlobalSection(SolutionProperties) = preSolution
		HideSolutionNode = FALSE
	EndGlobalSection
	GlobalSection(ExtensibilityGlobals) = postSolution
		SolutionGuid = {5538162F-549F-43BE-A637-342FE8633B41}
	EndGlobalSection
EndGlobal
